
Microsoft Visual Studio Solution File, Format Version 12.00
# Visual Studio Version 16
VisualStudioVersion = 16.0.29709.97
MinimumVisualStudioVersion = 10.0.40219.1
Project("{FAE04EC0-301F-11D3-BF4B-00C04F79EFBC}") = "Uwp", "Uwp\Uwp.csproj", "{DF895DB2-CE5D-4244-9A82-DF494FB2B517}"
EndProject
Project("{9A19103F-16F7-4668-BE54-9A1E7A4F7556}") = "Core", "Core\Core.csproj", "{00168BD6-EC54-4CC9-8963-374FF1D4BB09}"
EndProject
Project("{FAE04EC0-301F-11D3-BF4B-00C04F79EFBC}") = "Test.Uwp", "Test.Uwp\Test.Uwp.csproj", "{15A3D0B8-7917-42B7-9528-F44EA82B7108}"
EndProject
Global
	GlobalSection(SolutionConfigurationPlatforms) = preSolution
		Debug|Any CPU = Debug|Any CPU
		Debug|ARM = Debug|ARM
		Debug|ARM64 = Debug|ARM64
		Debug|x64 = Debug|x64
		Debug|x86 = Debug|x86
		Release|Any CPU = Release|Any CPU
		Release|ARM = Release|ARM
		Release|ARM64 = Release|ARM64
		Release|x64 = Release|x64
		Release|x86 = Release|x86
	EndGlobalSection
	GlobalSection(ProjectConfigurationPlatforms) = postSolution
		{DF895DB2-CE5D-4244-9A82-DF494FB2B517}.Debug|Any CPU.ActiveCfg = Debug|x86
		{DF895DB2-CE5D-4244-9A82-DF494FB2B517}.Debug|ARM.ActiveCfg = Debug|ARM
		{DF895DB2-CE5D-4244-9A82-DF494FB2B517}.Debug|ARM.Build.0 = Debug|ARM
		{DF895DB2-CE5D-4244-9A82-DF494FB2B517}.Debug|ARM.Deploy.0 = Debug|ARM
		{DF895DB2-CE5D-4244-9A82-DF494FB2B517}.Debug|ARM64.ActiveCfg = Debug|ARM64
		{DF895DB2-CE5D-4244-9A82-DF494FB2B517}.Debug|ARM64.Build.0 = Debug|ARM64
		{DF895DB2-CE5D-4244-9A82-DF494FB2B517}.Debug|ARM64.Deploy.0 = Debug|ARM64
		{DF895DB2-CE5D-4244-9A82-DF494FB2B517}.Debug|x64.ActiveCfg = Debug|x64
		{DF895DB2-CE5D-4244-9A82-DF494FB2B517}.Debug|x64.Build.0 = Debug|x64
		{DF895DB2-CE5D-4244-9A82-DF494FB2B517}.Debug|x64.Deploy.0 = Debug|x64
		{DF895DB2-CE5D-4244-9A82-DF494FB2B517}.Debug|x86.ActiveCfg = Debug|x86
		{DF895DB2-CE5D-4244-9A82-DF494FB2B517}.Debug|x86.Build.0 = Debug|x86
		{DF895DB2-CE5D-4244-9A82-DF494FB2B517}.Debug|x86.Deploy.0 = Debug|x86
		{DF895DB2-CE5D-4244-9A82-DF494FB2B517}.Release|Any CPU.ActiveCfg = Release|x86
		{DF895DB2-CE5D-4244-9A82-DF494FB2B517}.Release|ARM.ActiveCfg = Release|ARM
		{DF895DB2-CE5D-4244-9A82-DF494FB2B517}.Release|ARM.Build.0 = Release|ARM
		{DF895DB2-CE5D-4244-9A82-DF494FB2B517}.Release|ARM.Deploy.0 = Release|ARM
		{DF895DB2-CE5D-4244-9A82-DF494FB2B517}.Release|ARM64.ActiveCfg = Release|ARM64
		{DF895DB2-CE5D-4244-9A82-DF494FB2B517}.Release|ARM64.Build.0 = Release|ARM64
		{DF895DB2-CE5D-4244-9A82-DF494FB2B517}.Release|ARM64.Deploy.0 = Release|ARM64
		{DF895DB2-CE5D-4244-9A82-DF494FB2B517}.Release|x64.ActiveCfg = Release|x64
		{DF895DB2-CE5D-4244-9A82-DF494FB2B517}.Release|x64.Build.0 = Release|x64
		{DF895DB2-CE5D-4244-9A82-DF494FB2B517}.Release|x64.Deploy.0 = Release|x64
		{DF895DB2-CE5D-4244-9A82-DF494FB2B517}.Release|x86.ActiveCfg = Release|x86
		{DF895DB2-CE5D-4244-9A82-DF494FB2B517}.Release|x86.Build.0 = Release|x86
		{DF895DB2-CE5D-4244-9A82-DF494FB2B517}.Release|x86.Deploy.0 = Release|x86
		{00168BD6-EC54-4CC9-8963-374FF1D4BB09}.Debug|Any CPU.ActiveCfg = Debug|Any CPU
		{00168BD6-EC54-4CC9-8963-374FF1D4BB09}.Debug|Any CPU.Build.0 = Debug|Any CPU
		{00168BD6-EC54-4CC9-8963-374FF1D4BB09}.Debug|ARM.ActiveCfg = Debug|Any CPU
		{00168BD6-EC54-4CC9-8963-374FF1D4BB09}.Debug|ARM.Build.0 = Debug|Any CPU
		{00168BD6-EC54-4CC9-8963-374FF1D4BB09}.Debug|ARM64.ActiveCfg = Debug|Any CPU
		{00168BD6-EC54-4CC9-8963-374FF1D4BB09}.Debug|ARM64.Build.0 = Debug|Any CPU
		{00168BD6-EC54-4CC9-8963-374FF1D4BB09}.Debug|x64.ActiveCfg = Debug|Any CPU
		{00168BD6-EC54-4CC9-8963-374FF1D4BB09}.Debug|x64.Build.0 = Debug|Any CPU
		{00168BD6-EC54-4CC9-8963-374FF1D4BB09}.Debug|x86.ActiveCfg = Debug|Any CPU
		{00168BD6-EC54-4CC9-8963-374FF1D4BB09}.Debug|x86.Build.0 = Debug|Any CPU
		{00168BD6-EC54-4CC9-8963-374FF1D4BB09}.Release|Any CPU.ActiveCfg = Release|Any CPU
		{00168BD6-EC54-4CC9-8963-374FF1D4BB09}.Release|Any CPU.Build.0 = Release|Any CPU
		{00168BD6-EC54-4CC9-8963-374FF1D4BB09}.Release|ARM.ActiveCfg = Release|Any CPU
		{00168BD6-EC54-4CC9-8963-374FF1D4BB09}.Release|ARM.Build.0 = Release|Any CPU
		{00168BD6-EC54-4CC9-8963-374FF1D4BB09}.Release|ARM64.ActiveCfg = Release|Any CPU
		{00168BD6-EC54-4CC9-8963-374FF1D4BB09}.Release|ARM64.Build.0 = Release|Any CPU
		{00168BD6-EC54-4CC9-8963-374FF1D4BB09}.Release|x64.ActiveCfg = Release|Any CPU
		{00168BD6-EC54-4CC9-8963-374FF1D4BB09}.Release|x64.Build.0 = Release|Any CPU
		{00168BD6-EC54-4CC9-8963-374FF1D4BB09}.Release|x86.ActiveCfg = Release|Any CPU
		{00168BD6-EC54-4CC9-8963-374FF1D4BB09}.Release|x86.Build.0 = Release|Any CPU
		{15A3D0B8-7917-42B7-9528-F44EA82B7108}.Debug|Any CPU.ActiveCfg = Debug|x86
		{15A3D0B8-7917-42B7-9528-F44EA82B7108}.Debug|ARM.ActiveCfg = Debug|ARM
		{15A3D0B8-7917-42B7-9528-F44EA82B7108}.Debug|ARM.Build.0 = Debug|ARM
		{15A3D0B8-7917-42B7-9528-F44EA82B7108}.Debug|ARM.Deploy.0 = Debug|ARM
		{15A3D0B8-7917-42B7-9528-F44EA82B7108}.Debug|ARM64.ActiveCfg = Debug|ARM64
		{15A3D0B8-7917-42B7-9528-F44EA82B7108}.Debug|ARM64.Build.0 = Debug|ARM64
		{15A3D0B8-7917-42B7-9528-F44EA82B7108}.Debug|ARM64.Deploy.0 = Debug|ARM64
		{15A3D0B8-7917-42B7-9528-F44EA82B7108}.Debug|x64.ActiveCfg = Debug|x64
		{15A3D0B8-7917-42B7-9528-F44EA82B7108}.Debug|x64.Build.0 = Debug|x64
		{15A3D0B8-7917-42B7-9528-F44EA82B7108}.Debug|x64.Deploy.0 = Debug|x64
		{15A3D0B8-7917-42B7-9528-F44EA82B7108}.Debug|x86.ActiveCfg = Debug|x86
		{15A3D0B8-7917-42B7-9528-F44EA82B7108}.Debug|x86.Build.0 = Debug|x86
		{15A3D0B8-7917-42B7-9528-F44EA82B7108}.Debug|x86.Deploy.0 = Debug|x86
		{15A3D0B8-7917-42B7-9528-F44EA82B7108}.Release|Any CPU.ActiveCfg = Release|x86
		{15A3D0B8-7917-42B7-9528-F44EA82B7108}.Release|ARM.ActiveCfg = Release|ARM
		{15A3D0B8-7917-42B7-9528-F44EA82B7108}.Release|ARM.Build.0 = Release|ARM
		{15A3D0B8-7917-42B7-9528-F44EA82B7108}.Release|ARM.Deploy.0 = Release|ARM
		{15A3D0B8-7917-42B7-9528-F44EA82B7108}.Release|ARM64.ActiveCfg = Release|ARM64
		{15A3D0B8-7917-42B7-9528-F44EA82B7108}.Release|ARM64.Build.0 = Release|ARM64
		{15A3D0B8-7917-42B7-9528-F44EA82B7108}.Release|ARM64.Deploy.0 = Release|ARM64
		{15A3D0B8-7917-42B7-9528-F44EA82B7108}.Release|x64.ActiveCfg = Release|x64
		{15A3D0B8-7917-42B7-9528-F44EA82B7108}.Release|x64.Build.0 = Release|x64
		{15A3D0B8-7917-42B7-9528-F44EA82B7108}.Release|x64.Deploy.0 = Release|x64
		{15A3D0B8-7917-42B7-9528-F44EA82B7108}.Release|x86.ActiveCfg = Release|x86
		{15A3D0B8-7917-42B7-9528-F44EA82B7108}.Release|x86.Build.0 = Release|x86
		{15A3D0B8-7917-42B7-9528-F44EA82B7108}.Release|x86.Deploy.0 = Release|x86
	EndGlobalSection
	GlobalSection(SolutionProperties) = preSolution
		HideSolutionNode = FALSE
	EndGlobalSection
	GlobalSection(ExtensibilityGlobals) = postSolution
		SolutionGuid = {8FDFFDD5-D2D9-4FD0-A473-3968D995F2B8}
	EndGlobalSection
EndGlobal
